
Microsoft Visual Studio Solution File, Format Version 12.00
# Visual Studio Version 17
VisualStudioVersion = 17.0.32014.148
MinimumVisualStudioVersion = 10.0.40219.1
Project("{FAE04EC0-301F-11D3-BF4B-00C04F79EFBC}") = "Question1", "Question1\Question1.csproj", "{E7312F7E-E233-4A80-A9A3-359FAFE72706}"
EndProject
Global
	GlobalSection(SolutionConfigurationPlatforms) = preSolution
		Debug|Any CPU = Debug|Any CPU
		Release|Any CPU = Release|Any CPU
	EndGlobalSection
	GlobalSection(ProjectConfigurationPlatforms) = postSolution
		{E7312F7E-E233-4A80-A9A3-359FAFE72706}.Debug|Any CPU.ActiveCfg = Debug|Any CPU
		{E7312F7E-E233-4A80-A9A3-359FAFE72706}.Debug|Any CPU.Build.0 = Debug|Any CPU
		{E7312F7E-E233-4A80-A9A3-359FAFE72706}.Release|Any CPU.ActiveCfg = Release|Any CPU
		{E7312F7E-E233-4A80-A9A3-359FAFE72706}.Release|Any CPU.Build.0 = Release|Any CPU
	EndGlobalSection
	GlobalSection(SolutionProperties) = preSolution
		HideSolutionNode = FALSE
	EndGlobalSection
	GlobalSection(ExtensibilityGlobals) = postSolution
		SolutionGuid = {C9818F94-6897-4C4E-8544-67E8C04C78F3}
	EndGlobalSection
EndGlobal
