
Microsoft Visual Studio Solution File, Format Version 12.00
# Visual Studio Version 17
VisualStudioVersion = 17.0.32014.148
MinimumVisualStudioVersion = 10.0.40219.1
Project("{FAE04EC0-301F-11D3-BF4B-00C04F79EFBC}") = "Question1", "Question1\Question1.csproj", "{36FDDBC5-479A-4260-BE15-164176DE2EB0}"
EndProject
Project("{FAE04EC0-301F-11D3-BF4B-00C04F79EFBC}") = "Question2", "Question2\Question2.csproj", "{957EFFD3-314F-4942-8C92-BFDAE88E9768}"
EndProject
Global
	GlobalSection(SolutionConfigurationPlatforms) = preSolution
		Debug|Any CPU = Debug|Any CPU
		Release|Any CPU = Release|Any CPU
	EndGlobalSection
	GlobalSection(ProjectConfigurationPlatforms) = postSolution
		{36FDDBC5-479A-4260-BE15-164176DE2EB0}.Debug|Any CPU.ActiveCfg = Debug|Any CPU
		{36FDDBC5-479A-4260-BE15-164176DE2EB0}.Debug|Any CPU.Build.0 = Debug|Any CPU
		{36FDDBC5-479A-4260-BE15-164176DE2EB0}.Release|Any CPU.ActiveCfg = Release|Any CPU
		{36FDDBC5-479A-4260-BE15-164176DE2EB0}.Release|Any CPU.Build.0 = Release|Any CPU
		{957EFFD3-314F-4942-8C92-BFDAE88E9768}.Debug|Any CPU.ActiveCfg = Debug|Any CPU
		{957EFFD3-314F-4942-8C92-BFDAE88E9768}.Debug|Any CPU.Build.0 = Debug|Any CPU
		{957EFFD3-314F-4942-8C92-BFDAE88E9768}.Release|Any CPU.ActiveCfg = Release|Any CPU
		{957EFFD3-314F-4942-8C92-BFDAE88E9768}.Release|Any CPU.Build.0 = Release|Any CPU
	EndGlobalSection
	GlobalSection(SolutionProperties) = preSolution
		HideSolutionNode = FALSE
	EndGlobalSection
	GlobalSection(ExtensibilityGlobals) = postSolution
		SolutionGuid = {24465F20-7010-4187-826F-EAB3F596558A}
	EndGlobalSection
EndGlobal
