
Microsoft Visual Studio Solution File, Format Version 12.00
# Visual Studio Version 17
VisualStudioVersion = 17.0.32014.148
MinimumVisualStudioVersion = 10.0.40219.1
Project("{FAE04EC0-301F-11D3-BF4B-00C04F79EFBC}") = "Even.OddUI", "Even.OddUI\Even.OddUI.csproj", "{2C23FF1B-E2BA-4285-83DF-D183B15448D5}"
EndProject
Project("{FAE04EC0-301F-11D3-BF4B-00C04F79EFBC}") = "EvenOdd.Library", "EvenOdd.Library\EvenOdd.Library.csproj", "{4FC39566-74EB-41EC-97AB-D7E67AF8CF22}"
EndProject
Global
	GlobalSection(SolutionConfigurationPlatforms) = preSolution
		Debug|Any CPU = Debug|Any CPU
		Release|Any CPU = Release|Any CPU
	EndGlobalSection
	GlobalSection(ProjectConfigurationPlatforms) = postSolution
		{2C23FF1B-E2BA-4285-83DF-D183B15448D5}.Debug|Any CPU.ActiveCfg = Debug|Any CPU
		{2C23FF1B-E2BA-4285-83DF-D183B15448D5}.Debug|Any CPU.Build.0 = Debug|Any CPU
		{2C23FF1B-E2BA-4285-83DF-D183B15448D5}.Release|Any CPU.ActiveCfg = Release|Any CPU
		{2C23FF1B-E2BA-4285-83DF-D183B15448D5}.Release|Any CPU.Build.0 = Release|Any CPU
		{4FC39566-74EB-41EC-97AB-D7E67AF8CF22}.Debug|Any CPU.ActiveCfg = Debug|Any CPU
		{4FC39566-74EB-41EC-97AB-D7E67AF8CF22}.Debug|Any CPU.Build.0 = Debug|Any CPU
		{4FC39566-74EB-41EC-97AB-D7E67AF8CF22}.Release|Any CPU.ActiveCfg = Release|Any CPU
		{4FC39566-74EB-41EC-97AB-D7E67AF8CF22}.Release|Any CPU.Build.0 = Release|Any CPU
	EndGlobalSection
	GlobalSection(SolutionProperties) = preSolution
		HideSolutionNode = FALSE
	EndGlobalSection
	GlobalSection(ExtensibilityGlobals) = postSolution
		SolutionGuid = {9C6ECDF0-9062-46A4-8313-DB75AA878B14}
	EndGlobalSection
EndGlobal
