
Microsoft Visual Studio Solution File, Format Version 12.00
# Visual Studio Version 17
VisualStudioVersion = 17.0.32014.148
MinimumVisualStudioVersion = 10.0.40219.1
Project("{9A19103F-16F7-4668-BE54-9A1E7A4F7556}") = "FunctionApp1", "FunctionApp1\FunctionApp1.csproj", "{324F2602-B1B3-4EA8-B6F9-010177900E50}"
EndProject
Project("{9A19103F-16F7-4668-BE54-9A1E7A4F7556}") = "BlobFunction", "BlobFunction\BlobFunction.csproj", "{6A6462F3-19AF-48E3-A510-21DE7B2C981F}"
EndProject
Project("{9A19103F-16F7-4668-BE54-9A1E7A4F7556}") = "AzureSQLFunction", "AzureSQLFunction\AzureSQLFunction.csproj", "{B625C541-3551-4373-A4DC-4CEFB647B894}"
EndProject
Project("{9A19103F-16F7-4668-BE54-9A1E7A4F7556}") = "AddTicket", "AddTicket\AddTicket.csproj", "{27DD8EFD-4AF4-4C0C-80F6-1EDA4CF5337F}"
EndProject
Project("{FAE04EC0-301F-11D3-BF4B-00C04F79EFBC}") = "AddOrderToDb", "AddOrderToDb\AddOrderToDb.csproj", "{8891A10A-E501-412F-974F-313EE035FF15}"
EndProject
Global
	GlobalSection(SolutionConfigurationPlatforms) = preSolution
		Debug|Any CPU = Debug|Any CPU
		Release|Any CPU = Release|Any CPU
	EndGlobalSection
	GlobalSection(ProjectConfigurationPlatforms) = postSolution
		{324F2602-B1B3-4EA8-B6F9-010177900E50}.Debug|Any CPU.ActiveCfg = Debug|Any CPU
		{324F2602-B1B3-4EA8-B6F9-010177900E50}.Debug|Any CPU.Build.0 = Debug|Any CPU
		{324F2602-B1B3-4EA8-B6F9-010177900E50}.Release|Any CPU.ActiveCfg = Release|Any CPU
		{324F2602-B1B3-4EA8-B6F9-010177900E50}.Release|Any CPU.Build.0 = Release|Any CPU
		{6A6462F3-19AF-48E3-A510-21DE7B2C981F}.Debug|Any CPU.ActiveCfg = Debug|Any CPU
		{6A6462F3-19AF-48E3-A510-21DE7B2C981F}.Debug|Any CPU.Build.0 = Debug|Any CPU
		{6A6462F3-19AF-48E3-A510-21DE7B2C981F}.Release|Any CPU.ActiveCfg = Release|Any CPU
		{6A6462F3-19AF-48E3-A510-21DE7B2C981F}.Release|Any CPU.Build.0 = Release|Any CPU
		{B625C541-3551-4373-A4DC-4CEFB647B894}.Debug|Any CPU.ActiveCfg = Debug|Any CPU
		{B625C541-3551-4373-A4DC-4CEFB647B894}.Debug|Any CPU.Build.0 = Debug|Any CPU
		{B625C541-3551-4373-A4DC-4CEFB647B894}.Release|Any CPU.ActiveCfg = Release|Any CPU
		{B625C541-3551-4373-A4DC-4CEFB647B894}.Release|Any CPU.Build.0 = Release|Any CPU
		{27DD8EFD-4AF4-4C0C-80F6-1EDA4CF5337F}.Debug|Any CPU.ActiveCfg = Debug|Any CPU
		{27DD8EFD-4AF4-4C0C-80F6-1EDA4CF5337F}.Debug|Any CPU.Build.0 = Debug|Any CPU
		{27DD8EFD-4AF4-4C0C-80F6-1EDA4CF5337F}.Release|Any CPU.ActiveCfg = Release|Any CPU
		{27DD8EFD-4AF4-4C0C-80F6-1EDA4CF5337F}.Release|Any CPU.Build.0 = Release|Any CPU
		{8891A10A-E501-412F-974F-313EE035FF15}.Debug|Any CPU.ActiveCfg = Debug|Any CPU
		{8891A10A-E501-412F-974F-313EE035FF15}.Debug|Any CPU.Build.0 = Debug|Any CPU
		{8891A10A-E501-412F-974F-313EE035FF15}.Release|Any CPU.ActiveCfg = Release|Any CPU
		{8891A10A-E501-412F-974F-313EE035FF15}.Release|Any CPU.Build.0 = Release|Any CPU
	EndGlobalSection
	GlobalSection(SolutionProperties) = preSolution
		HideSolutionNode = FALSE
	EndGlobalSection
	GlobalSection(ExtensibilityGlobals) = postSolution
		SolutionGuid = {720D4068-02AD-4B72-ADA4-F05C469CEE17}
	EndGlobalSection
EndGlobal
