
Microsoft Visual Studio Solution File, Format Version 12.00
# Visual Studio Version 17
VisualStudioVersion = 17.0.32014.148
MinimumVisualStudioVersion = 10.0.40219.1
Project("{FAE04EC0-301F-11D3-BF4B-00C04F79EFBC}") = "ServiceBusSender", "ServiceBusSender\ServiceBusSender.csproj", "{CBFD719C-7E69-49B0-8859-F730B0D8EB36}"
EndProject
Project("{FAE04EC0-301F-11D3-BF4B-00C04F79EFBC}") = "ServiceBusReceiver", "ServiceBusReceiver\ServiceBusReceiver.csproj", "{A5AA3955-C023-44BB-8022-0BF681B3A48E}"
EndProject
Global
	GlobalSection(SolutionConfigurationPlatforms) = preSolution
		Debug|Any CPU = Debug|Any CPU
		Release|Any CPU = Release|Any CPU
	EndGlobalSection
	GlobalSection(ProjectConfigurationPlatforms) = postSolution
		{CBFD719C-7E69-49B0-8859-F730B0D8EB36}.Debug|Any CPU.ActiveCfg = Debug|Any CPU
		{CBFD719C-7E69-49B0-8859-F730B0D8EB36}.Debug|Any CPU.Build.0 = Debug|Any CPU
		{CBFD719C-7E69-49B0-8859-F730B0D8EB36}.Release|Any CPU.ActiveCfg = Release|Any CPU
		{CBFD719C-7E69-49B0-8859-F730B0D8EB36}.Release|Any CPU.Build.0 = Release|Any CPU
		{A5AA3955-C023-44BB-8022-0BF681B3A48E}.Debug|Any CPU.ActiveCfg = Debug|Any CPU
		{A5AA3955-C023-44BB-8022-0BF681B3A48E}.Debug|Any CPU.Build.0 = Debug|Any CPU
		{A5AA3955-C023-44BB-8022-0BF681B3A48E}.Release|Any CPU.ActiveCfg = Release|Any CPU
		{A5AA3955-C023-44BB-8022-0BF681B3A48E}.Release|Any CPU.Build.0 = Release|Any CPU
	EndGlobalSection
	GlobalSection(SolutionProperties) = preSolution
		HideSolutionNode = FALSE
	EndGlobalSection
	GlobalSection(ExtensibilityGlobals) = postSolution
		SolutionGuid = {5BEEA6BE-A1F1-4869-8B7B-964D15D77456}
	EndGlobalSection
EndGlobal
