
Microsoft Visual Studio Solution File, Format Version 12.00
# Visual Studio Version 17
VisualStudioVersion = 17.0.32014.148
MinimumVisualStudioVersion = 10.0.40219.1
Project("{9A19103F-16F7-4668-BE54-9A1E7A4F7556}") = "IBS.Models", "IBS.Models\IBS.Models.csproj", "{92A60BE8-B71F-47AA-B5DA-6B21F208F606}"
EndProject
Project("{FAE04EC0-301F-11D3-BF4B-00C04F79EFBC}") = "IBS.API", "IBS.API\IBS.API.csproj", "{162C4BEA-A088-4882-80AB-4B137EF4C302}"
EndProject
Project("{FAE04EC0-301F-11D3-BF4B-00C04F79EFBC}") = "IBS.Repositories", "IBS.Repositories\IBS.Repositories.csproj", "{52CA8004-90CC-4D3F-A6CD-CCE4BAA2A948}"
EndProject
Global
	GlobalSection(SolutionConfigurationPlatforms) = preSolution
		Debug|Any CPU = Debug|Any CPU
		Release|Any CPU = Release|Any CPU
	EndGlobalSection
	GlobalSection(ProjectConfigurationPlatforms) = postSolution
		{92A60BE8-B71F-47AA-B5DA-6B21F208F606}.Debug|Any CPU.ActiveCfg = Debug|Any CPU
		{92A60BE8-B71F-47AA-B5DA-6B21F208F606}.Debug|Any CPU.Build.0 = Debug|Any CPU
		{92A60BE8-B71F-47AA-B5DA-6B21F208F606}.Release|Any CPU.ActiveCfg = Release|Any CPU
		{92A60BE8-B71F-47AA-B5DA-6B21F208F606}.Release|Any CPU.Build.0 = Release|Any CPU
		{162C4BEA-A088-4882-80AB-4B137EF4C302}.Debug|Any CPU.ActiveCfg = Debug|Any CPU
		{162C4BEA-A088-4882-80AB-4B137EF4C302}.Debug|Any CPU.Build.0 = Debug|Any CPU
		{162C4BEA-A088-4882-80AB-4B137EF4C302}.Release|Any CPU.ActiveCfg = Release|Any CPU
		{162C4BEA-A088-4882-80AB-4B137EF4C302}.Release|Any CPU.Build.0 = Release|Any CPU
		{52CA8004-90CC-4D3F-A6CD-CCE4BAA2A948}.Debug|Any CPU.ActiveCfg = Debug|Any CPU
		{52CA8004-90CC-4D3F-A6CD-CCE4BAA2A948}.Debug|Any CPU.Build.0 = Debug|Any CPU
		{52CA8004-90CC-4D3F-A6CD-CCE4BAA2A948}.Release|Any CPU.ActiveCfg = Release|Any CPU
		{52CA8004-90CC-4D3F-A6CD-CCE4BAA2A948}.Release|Any CPU.Build.0 = Release|Any CPU
	EndGlobalSection
	GlobalSection(SolutionProperties) = preSolution
		HideSolutionNode = FALSE
	EndGlobalSection
	GlobalSection(ExtensibilityGlobals) = postSolution
		SolutionGuid = {A0AE20AB-FC14-4764-BF93-21CE530FD9FB}
	EndGlobalSection
EndGlobal
