
Microsoft Visual Studio Solution File, Format Version 12.00
# Visual Studio Version 17
VisualStudioVersion = 17.0.32014.148
MinimumVisualStudioVersion = 10.0.40219.1
Project("{FAE04EC0-301F-11D3-BF4B-00C04F79EFBC}") = "CapG.ShapeUI", "CapG.ShapeUI\CapG.ShapeUI.csproj", "{D29E79B8-963D-4F33-83DE-85C0CD50B567}"
EndProject
Project("{FAE04EC0-301F-11D3-BF4B-00C04F79EFBC}") = "CapG.ShapeLibrary", "CapG.ShapeLibrary\CapG.ShapeLibrary.csproj", "{71C1FC73-DA2D-4F0C-B613-C6C7F5A27190}"
EndProject
Global
	GlobalSection(SolutionConfigurationPlatforms) = preSolution
		Debug|Any CPU = Debug|Any CPU
		Release|Any CPU = Release|Any CPU
	EndGlobalSection
	GlobalSection(ProjectConfigurationPlatforms) = postSolution
		{D29E79B8-963D-4F33-83DE-85C0CD50B567}.Debug|Any CPU.ActiveCfg = Debug|Any CPU
		{D29E79B8-963D-4F33-83DE-85C0CD50B567}.Debug|Any CPU.Build.0 = Debug|Any CPU
		{D29E79B8-963D-4F33-83DE-85C0CD50B567}.Release|Any CPU.ActiveCfg = Release|Any CPU
		{D29E79B8-963D-4F33-83DE-85C0CD50B567}.Release|Any CPU.Build.0 = Release|Any CPU
		{71C1FC73-DA2D-4F0C-B613-C6C7F5A27190}.Debug|Any CPU.ActiveCfg = Debug|Any CPU
		{71C1FC73-DA2D-4F0C-B613-C6C7F5A27190}.Debug|Any CPU.Build.0 = Debug|Any CPU
		{71C1FC73-DA2D-4F0C-B613-C6C7F5A27190}.Release|Any CPU.ActiveCfg = Release|Any CPU
		{71C1FC73-DA2D-4F0C-B613-C6C7F5A27190}.Release|Any CPU.Build.0 = Release|Any CPU
	EndGlobalSection
	GlobalSection(SolutionProperties) = preSolution
		HideSolutionNode = FALSE
	EndGlobalSection
	GlobalSection(ExtensibilityGlobals) = postSolution
		SolutionGuid = {BAE5BD07-FF58-404E-985D-55591033427F}
	EndGlobalSection
EndGlobal
