
Microsoft Visual Studio Solution File, Format Version 12.00
# Visual Studio Version 17
VisualStudioVersion = 17.0.32014.148
MinimumVisualStudioVersion = 10.0.40219.1
Project("{FAE04EC0-301F-11D3-BF4B-00C04F79EFBC}") = "CapG.MathLibrary", "CapG.MathLibrary\CapG.MathLibrary.csproj", "{CDCF4120-4136-4272-9C62-FDA81247C52F}"
EndProject
Project("{FAE04EC0-301F-11D3-BF4B-00C04F79EFBC}") = "CapG.MathUI", "CapG.MathUI\CapG.MathUI.csproj", "{14D083E0-9BF0-44D2-BD5C-520EA91458EB}"
EndProject
Global
	GlobalSection(SolutionConfigurationPlatforms) = preSolution
		Debug|Any CPU = Debug|Any CPU
		Release|Any CPU = Release|Any CPU
	EndGlobalSection
	GlobalSection(ProjectConfigurationPlatforms) = postSolution
		{CDCF4120-4136-4272-9C62-FDA81247C52F}.Debug|Any CPU.ActiveCfg = Debug|Any CPU
		{CDCF4120-4136-4272-9C62-FDA81247C52F}.Debug|Any CPU.Build.0 = Debug|Any CPU
		{CDCF4120-4136-4272-9C62-FDA81247C52F}.Release|Any CPU.ActiveCfg = Release|Any CPU
		{CDCF4120-4136-4272-9C62-FDA81247C52F}.Release|Any CPU.Build.0 = Release|Any CPU
		{14D083E0-9BF0-44D2-BD5C-520EA91458EB}.Debug|Any CPU.ActiveCfg = Debug|Any CPU
		{14D083E0-9BF0-44D2-BD5C-520EA91458EB}.Debug|Any CPU.Build.0 = Debug|Any CPU
		{14D083E0-9BF0-44D2-BD5C-520EA91458EB}.Release|Any CPU.ActiveCfg = Release|Any CPU
		{14D083E0-9BF0-44D2-BD5C-520EA91458EB}.Release|Any CPU.Build.0 = Release|Any CPU
	EndGlobalSection
	GlobalSection(SolutionProperties) = preSolution
		HideSolutionNode = FALSE
	EndGlobalSection
	GlobalSection(ExtensibilityGlobals) = postSolution
		SolutionGuid = {66181C23-6EEB-42B5-9445-6736BEE64550}
	EndGlobalSection
EndGlobal
