
Microsoft Visual Studio Solution File, Format Version 12.00
# Visual Studio Version 17
VisualStudioVersion = 17.0.32014.148
MinimumVisualStudioVersion = 10.0.40219.1
Project("{FAE04EC0-301F-11D3-BF4B-00C04F79EFBC}") = "Question1", "Question1\Question1.csproj", "{39DEBFB0-D7F8-4C19-86D6-93A8BC08D6BA}"
EndProject
Project("{FAE04EC0-301F-11D3-BF4B-00C04F79EFBC}") = "Question2", "Question2\Question2.csproj", "{DA9D6FC3-8951-4E42-A92D-207284696FEF}"
EndProject
Global
	GlobalSection(SolutionConfigurationPlatforms) = preSolution
		Debug|Any CPU = Debug|Any CPU
		Release|Any CPU = Release|Any CPU
	EndGlobalSection
	GlobalSection(ProjectConfigurationPlatforms) = postSolution
		{39DEBFB0-D7F8-4C19-86D6-93A8BC08D6BA}.Debug|Any CPU.ActiveCfg = Debug|Any CPU
		{39DEBFB0-D7F8-4C19-86D6-93A8BC08D6BA}.Debug|Any CPU.Build.0 = Debug|Any CPU
		{39DEBFB0-D7F8-4C19-86D6-93A8BC08D6BA}.Release|Any CPU.ActiveCfg = Release|Any CPU
		{39DEBFB0-D7F8-4C19-86D6-93A8BC08D6BA}.Release|Any CPU.Build.0 = Release|Any CPU
		{DA9D6FC3-8951-4E42-A92D-207284696FEF}.Debug|Any CPU.ActiveCfg = Debug|Any CPU
		{DA9D6FC3-8951-4E42-A92D-207284696FEF}.Debug|Any CPU.Build.0 = Debug|Any CPU
		{DA9D6FC3-8951-4E42-A92D-207284696FEF}.Release|Any CPU.ActiveCfg = Release|Any CPU
		{DA9D6FC3-8951-4E42-A92D-207284696FEF}.Release|Any CPU.Build.0 = Release|Any CPU
	EndGlobalSection
	GlobalSection(SolutionProperties) = preSolution
		HideSolutionNode = FALSE
	EndGlobalSection
	GlobalSection(ExtensibilityGlobals) = postSolution
		SolutionGuid = {965A46DD-BF06-4CEB-815C-F1964CBDE25D}
	EndGlobalSection
EndGlobal
