
Microsoft Visual Studio Solution File, Format Version 12.00
# Visual Studio Version 17
VisualStudioVersion = 17.0.32014.148
MinimumVisualStudioVersion = 10.0.40219.1
Project("{FAE04EC0-301F-11D3-BF4B-00C04F79EFBC}") = "FollowUpTask", "FollowUpTask\FollowUpTask.csproj", "{01D12045-961F-4DD0-9DAC-85616C52A273}"
EndProject
Global
	GlobalSection(SolutionConfigurationPlatforms) = preSolution
		Debug|Any CPU = Debug|Any CPU
		Release|Any CPU = Release|Any CPU
	EndGlobalSection
	GlobalSection(ProjectConfigurationPlatforms) = postSolution
		{01D12045-961F-4DD0-9DAC-85616C52A273}.Debug|Any CPU.ActiveCfg = Debug|Any CPU
		{01D12045-961F-4DD0-9DAC-85616C52A273}.Debug|Any CPU.Build.0 = Debug|Any CPU
		{01D12045-961F-4DD0-9DAC-85616C52A273}.Release|Any CPU.ActiveCfg = Release|Any CPU
		{01D12045-961F-4DD0-9DAC-85616C52A273}.Release|Any CPU.Build.0 = Release|Any CPU
	EndGlobalSection
	GlobalSection(SolutionProperties) = preSolution
		HideSolutionNode = FALSE
	EndGlobalSection
	GlobalSection(ExtensibilityGlobals) = postSolution
		SolutionGuid = {0BC061E1-446A-4352-B770-66957BCDF278}
	EndGlobalSection
EndGlobal
